
Microsoft Visual Studio Solution File, Format Version 12.00
# Visual Studio Version 16
VisualStudioVersion = 16.0.30114.105
MinimumVisualStudioVersion = 10.0.40219.1
Project("{FAE04EC0-301F-11D3-BF4B-00C04F79EFBC}") = "API", "API\API.csproj", "{C8E38C26-C4CB-4CBE-B447-F696CB5C9EE4}"
EndProject
Project("{FAE04EC0-301F-11D3-BF4B-00C04F79EFBC}") = "Application", "Application\Application.csproj", "{89DDAA1C-F3B7-4060-ACF2-FEFC7C9AB351}"
EndProject
Project("{FAE04EC0-301F-11D3-BF4B-00C04F79EFBC}") = "Domain", "Domain\Domain.csproj", "{1BAA802C-155C-424D-85B1-DB97ED4B6411}"
EndProject
Project("{FAE04EC0-301F-11D3-BF4B-00C04F79EFBC}") = "Persistence", "Persistence\Persistence.csproj", "{90E58369-0C93-4697-896B-D4D63F143257}"
EndProject
Global
	GlobalSection(SolutionConfigurationPlatforms) = preSolution
		Debug|Any CPU = Debug|Any CPU
		Release|Any CPU = Release|Any CPU
	EndGlobalSection
	GlobalSection(SolutionProperties) = preSolution
		HideSolutionNode = FALSE
	EndGlobalSection
	GlobalSection(ProjectConfigurationPlatforms) = postSolution
		{C8E38C26-C4CB-4CBE-B447-F696CB5C9EE4}.Debug|Any CPU.ActiveCfg = Debug|Any CPU
		{C8E38C26-C4CB-4CBE-B447-F696CB5C9EE4}.Debug|Any CPU.Build.0 = Debug|Any CPU
		{C8E38C26-C4CB-4CBE-B447-F696CB5C9EE4}.Release|Any CPU.ActiveCfg = Release|Any CPU
		{C8E38C26-C4CB-4CBE-B447-F696CB5C9EE4}.Release|Any CPU.Build.0 = Release|Any CPU
		{89DDAA1C-F3B7-4060-ACF2-FEFC7C9AB351}.Debug|Any CPU.ActiveCfg = Debug|Any CPU
		{89DDAA1C-F3B7-4060-ACF2-FEFC7C9AB351}.Debug|Any CPU.Build.0 = Debug|Any CPU
		{89DDAA1C-F3B7-4060-ACF2-FEFC7C9AB351}.Release|Any CPU.ActiveCfg = Release|Any CPU
		{89DDAA1C-F3B7-4060-ACF2-FEFC7C9AB351}.Release|Any CPU.Build.0 = Release|Any CPU
		{1BAA802C-155C-424D-85B1-DB97ED4B6411}.Debug|Any CPU.ActiveCfg = Debug|Any CPU
		{1BAA802C-155C-424D-85B1-DB97ED4B6411}.Debug|Any CPU.Build.0 = Debug|Any CPU
		{1BAA802C-155C-424D-85B1-DB97ED4B6411}.Release|Any CPU.ActiveCfg = Release|Any CPU
		{1BAA802C-155C-424D-85B1-DB97ED4B6411}.Release|Any CPU.Build.0 = Release|Any CPU
		{90E58369-0C93-4697-896B-D4D63F143257}.Debug|Any CPU.ActiveCfg = Debug|Any CPU
		{90E58369-0C93-4697-896B-D4D63F143257}.Debug|Any CPU.Build.0 = Debug|Any CPU
		{90E58369-0C93-4697-896B-D4D63F143257}.Release|Any CPU.ActiveCfg = Release|Any CPU
		{90E58369-0C93-4697-896B-D4D63F143257}.Release|Any CPU.Build.0 = Release|Any CPU
	EndGlobalSection
EndGlobal
